
Microsoft Visual Studio Solution File, Format Version 12.00
# Visual Studio Version 17
VisualStudioVersion = 17.14.36414.22 d17.14
MinimumVisualStudioVersion = 10.0.40219.1
Project("{FAE04EC0-301F-11D3-BF4B-00C04F79EFBC}") = "3ISIP124_Shchegolev", "3ISIP124_Shchegolev\3ISIP124_Shchegolev.csproj", "{BA840256-D36B-4649-98B5-FF26D97B0062}"
EndProject
Global
	GlobalSection(SolutionConfigurationPlatforms) = preSolution
		Debug|Any CPU = Debug|Any CPU
		Release|Any CPU = Release|Any CPU
	EndGlobalSection
	GlobalSection(ProjectConfigurationPlatforms) = postSolution
		{BA840256-D36B-4649-98B5-FF26D97B0062}.Debug|Any CPU.ActiveCfg = Debug|Any CPU
		{BA840256-D36B-4649-98B5-FF26D97B0062}.Debug|Any CPU.Build.0 = Debug|Any CPU
		{BA840256-D36B-4649-98B5-FF26D97B0062}.Release|Any CPU.ActiveCfg = Release|Any CPU
		{BA840256-D36B-4649-98B5-FF26D97B0062}.Release|Any CPU.Build.0 = Release|Any CPU
	EndGlobalSection
	GlobalSection(SolutionProperties) = preSolution
		HideSolutionNode = FALSE
	EndGlobalSection
	GlobalSection(ExtensibilityGlobals) = postSolution
		SolutionGuid = {B16A8CB8-46F4-4919-B728-C63642FFAE09}
	EndGlobalSection
EndGlobal
